
Microsoft Visual Studio Solution File, Format Version 12.00
# Visual Studio Version 16
VisualStudioVersion = 16.0.29509.3
MinimumVisualStudioVersion = 10.0.40219.1
Project("{FAE04EC0-301F-11D3-BF4B-00C04F79EFBC}") = "WebApp", "WebApp\WebApp.csproj", "{06FC8ED8-74BC-4834-80C1-4B34D8268FF4}"
EndProject
Global
	GlobalSection(SolutionConfigurationPlatforms) = preSolution
		Debug|Any CPU = Debug|Any CPU
		Release|Any CPU = Release|Any CPU
	EndGlobalSection
	GlobalSection(ProjectConfigurationPlatforms) = postSolution
		{06FC8ED8-74BC-4834-80C1-4B34D8268FF4}.Debug|Any CPU.ActiveCfg = Debug|Any CPU
		{06FC8ED8-74BC-4834-80C1-4B34D8268FF4}.Debug|Any CPU.Build.0 = Debug|Any CPU
		{06FC8ED8-74BC-4834-80C1-4B34D8268FF4}.Release|Any CPU.ActiveCfg = Release|Any CPU
		{06FC8ED8-74BC-4834-80C1-4B34D8268FF4}.Release|Any CPU.Build.0 = Release|Any CPU
	EndGlobalSection
	GlobalSection(SolutionProperties) = preSolution
		HideSolutionNode = FALSE
	EndGlobalSection
	GlobalSection(ExtensibilityGlobals) = postSolution
		SolutionGuid = {4465ECAD-6BD6-4DBC-BB4C-A7A2C54305E7}
	EndGlobalSection
EndGlobal
